
Microsoft Visual Studio Solution File, Format Version 12.00
# Visual Studio Version 17
VisualStudioVersion = 17.7.34031.279
MinimumVisualStudioVersion = 10.0.40219.1
Project("{FAE04EC0-301F-11D3-BF4B-00C04F79EFBC}") = "test101", "test101\test101.csproj", "{BA50928F-5872-477D-AACE-206FAE4117BC}"
EndProject
Global
	GlobalSection(SolutionConfigurationPlatforms) = preSolution
		Debug|Any CPU = Debug|Any CPU
		Release|Any CPU = Release|Any CPU
	EndGlobalSection
	GlobalSection(ProjectConfigurationPlatforms) = postSolution
		{BA50928F-5872-477D-AACE-206FAE4117BC}.Debug|Any CPU.ActiveCfg = Debug|Any CPU
		{BA50928F-5872-477D-AACE-206FAE4117BC}.Debug|Any CPU.Build.0 = Debug|Any CPU
		{BA50928F-5872-477D-AACE-206FAE4117BC}.Release|Any CPU.ActiveCfg = Release|Any CPU
		{BA50928F-5872-477D-AACE-206FAE4117BC}.Release|Any CPU.Build.0 = Release|Any CPU
	EndGlobalSection
	GlobalSection(SolutionProperties) = preSolution
		HideSolutionNode = FALSE
	EndGlobalSection
	GlobalSection(ExtensibilityGlobals) = postSolution
		SolutionGuid = {6F343FF5-13D6-4EC8-9FC5-700733577FDB}
	EndGlobalSection
EndGlobal
